
Microsoft Visual Studio Solution File, Format Version 12.00
# Visual Studio Version 16
VisualStudioVersion = 16.0.29926.136
MinimumVisualStudioVersion = 10.0.40219.1
Project("{FAE04EC0-301F-11D3-BF4B-00C04F79EFBC}") = "Task_1", "Task_1\Task_1.csproj", "{15D15665-9B54-4C9A-B755-E43CB7ACB204}"
EndProject
Global
	GlobalSection(SolutionConfigurationPlatforms) = preSolution
		Debug|Any CPU = Debug|Any CPU
		Release|Any CPU = Release|Any CPU
	EndGlobalSection
	GlobalSection(ProjectConfigurationPlatforms) = postSolution
		{15D15665-9B54-4C9A-B755-E43CB7ACB204}.Debug|Any CPU.ActiveCfg = Debug|Any CPU
		{15D15665-9B54-4C9A-B755-E43CB7ACB204}.Debug|Any CPU.Build.0 = Debug|Any CPU
		{15D15665-9B54-4C9A-B755-E43CB7ACB204}.Release|Any CPU.ActiveCfg = Release|Any CPU
		{15D15665-9B54-4C9A-B755-E43CB7ACB204}.Release|Any CPU.Build.0 = Release|Any CPU
	EndGlobalSection
	GlobalSection(SolutionProperties) = preSolution
		HideSolutionNode = FALSE
	EndGlobalSection
	GlobalSection(ExtensibilityGlobals) = postSolution
		SolutionGuid = {511B45E6-AED1-4C4E-94C3-B80F22B84182}
	EndGlobalSection
EndGlobal
