
Microsoft Visual Studio Solution File, Format Version 12.00
# Visual Studio Version 16
VisualStudioVersion = 16.0.29926.136
MinimumVisualStudioVersion = 10.0.40219.1
Project("{FAE04EC0-301F-11D3-BF4B-00C04F79EFBC}") = "Task_1", "Task_1\Task_1.csproj", "{B8648559-A0E0-4721-AAF5-A3C05C4075B0}"
EndProject
Global
	GlobalSection(SolutionConfigurationPlatforms) = preSolution
		Debug|Any CPU = Debug|Any CPU
		Release|Any CPU = Release|Any CPU
	EndGlobalSection
	GlobalSection(ProjectConfigurationPlatforms) = postSolution
		{B8648559-A0E0-4721-AAF5-A3C05C4075B0}.Debug|Any CPU.ActiveCfg = Debug|Any CPU
		{B8648559-A0E0-4721-AAF5-A3C05C4075B0}.Debug|Any CPU.Build.0 = Debug|Any CPU
		{B8648559-A0E0-4721-AAF5-A3C05C4075B0}.Release|Any CPU.ActiveCfg = Release|Any CPU
		{B8648559-A0E0-4721-AAF5-A3C05C4075B0}.Release|Any CPU.Build.0 = Release|Any CPU
	EndGlobalSection
	GlobalSection(SolutionProperties) = preSolution
		HideSolutionNode = FALSE
	EndGlobalSection
	GlobalSection(ExtensibilityGlobals) = postSolution
		SolutionGuid = {70D1904A-484F-45D4-8430-6F2E140E1CA6}
	EndGlobalSection
EndGlobal
