
Microsoft Visual Studio Solution File, Format Version 12.00
# Visual Studio Version 16
VisualStudioVersion = 16.0.29926.136
MinimumVisualStudioVersion = 10.0.40219.1
Project("{FAE04EC0-301F-11D3-BF4B-00C04F79EFBC}") = "Task_2", "Task_2\Task_2.csproj", "{8CD08C14-997B-4D57-BB8F-13953A479708}"
EndProject
Global
	GlobalSection(SolutionConfigurationPlatforms) = preSolution
		Debug|Any CPU = Debug|Any CPU
		Release|Any CPU = Release|Any CPU
	EndGlobalSection
	GlobalSection(ProjectConfigurationPlatforms) = postSolution
		{8CD08C14-997B-4D57-BB8F-13953A479708}.Debug|Any CPU.ActiveCfg = Debug|Any CPU
		{8CD08C14-997B-4D57-BB8F-13953A479708}.Debug|Any CPU.Build.0 = Debug|Any CPU
		{8CD08C14-997B-4D57-BB8F-13953A479708}.Release|Any CPU.ActiveCfg = Release|Any CPU
		{8CD08C14-997B-4D57-BB8F-13953A479708}.Release|Any CPU.Build.0 = Release|Any CPU
	EndGlobalSection
	GlobalSection(SolutionProperties) = preSolution
		HideSolutionNode = FALSE
	EndGlobalSection
	GlobalSection(ExtensibilityGlobals) = postSolution
		SolutionGuid = {9B054738-9C42-4EA6-97DD-9340BB306549}
	EndGlobalSection
EndGlobal
