
Microsoft Visual Studio Solution File, Format Version 12.00
# Visual Studio Version 16
VisualStudioVersion = 16.0.29926.136
MinimumVisualStudioVersion = 10.0.40219.1
Project("{FAE04EC0-301F-11D3-BF4B-00C04F79EFBC}") = "Task_1", "Task_1\Task_1.csproj", "{3291B64F-8F84-4E7B-9AED-E2C603E05A93}"
EndProject
Global
	GlobalSection(SolutionConfigurationPlatforms) = preSolution
		Debug|Any CPU = Debug|Any CPU
		Release|Any CPU = Release|Any CPU
	EndGlobalSection
	GlobalSection(ProjectConfigurationPlatforms) = postSolution
		{3291B64F-8F84-4E7B-9AED-E2C603E05A93}.Debug|Any CPU.ActiveCfg = Debug|Any CPU
		{3291B64F-8F84-4E7B-9AED-E2C603E05A93}.Debug|Any CPU.Build.0 = Debug|Any CPU
		{3291B64F-8F84-4E7B-9AED-E2C603E05A93}.Release|Any CPU.ActiveCfg = Release|Any CPU
		{3291B64F-8F84-4E7B-9AED-E2C603E05A93}.Release|Any CPU.Build.0 = Release|Any CPU
	EndGlobalSection
	GlobalSection(SolutionProperties) = preSolution
		HideSolutionNode = FALSE
	EndGlobalSection
	GlobalSection(ExtensibilityGlobals) = postSolution
		SolutionGuid = {0A1FD25C-8229-40F6-A012-CF24691E5F2D}
	EndGlobalSection
EndGlobal
