
Microsoft Visual Studio Solution File, Format Version 12.00
# Visual Studio Version 16
VisualStudioVersion = 16.0.29926.136
MinimumVisualStudioVersion = 10.0.40219.1
Project("{FAE04EC0-301F-11D3-BF4B-00C04F79EFBC}") = "Task_2", "Task_2\Task_2.csproj", "{86756EFB-2C0C-4DDE-A0F6-8C27A54B7DF0}"
EndProject
Global
	GlobalSection(SolutionConfigurationPlatforms) = preSolution
		Debug|Any CPU = Debug|Any CPU
		Release|Any CPU = Release|Any CPU
	EndGlobalSection
	GlobalSection(ProjectConfigurationPlatforms) = postSolution
		{86756EFB-2C0C-4DDE-A0F6-8C27A54B7DF0}.Debug|Any CPU.ActiveCfg = Debug|Any CPU
		{86756EFB-2C0C-4DDE-A0F6-8C27A54B7DF0}.Debug|Any CPU.Build.0 = Debug|Any CPU
		{86756EFB-2C0C-4DDE-A0F6-8C27A54B7DF0}.Release|Any CPU.ActiveCfg = Release|Any CPU
		{86756EFB-2C0C-4DDE-A0F6-8C27A54B7DF0}.Release|Any CPU.Build.0 = Release|Any CPU
	EndGlobalSection
	GlobalSection(SolutionProperties) = preSolution
		HideSolutionNode = FALSE
	EndGlobalSection
	GlobalSection(ExtensibilityGlobals) = postSolution
		SolutionGuid = {213DB8F2-B754-4FAC-B52C-064463289C33}
	EndGlobalSection
EndGlobal
