
Microsoft Visual Studio Solution File, Format Version 12.00
# Visual Studio Version 16
VisualStudioVersion = 16.0.29926.136
MinimumVisualStudioVersion = 10.0.40219.1
Project("{FAE04EC0-301F-11D3-BF4B-00C04F79EFBC}") = "Cramer Method", "Cramer Method\Cramer Method.csproj", "{747233B7-49FA-4D3D-8C02-42D20F5B01F4}"
EndProject
Global
	GlobalSection(SolutionConfigurationPlatforms) = preSolution
		Debug|Any CPU = Debug|Any CPU
		Release|Any CPU = Release|Any CPU
	EndGlobalSection
	GlobalSection(ProjectConfigurationPlatforms) = postSolution
		{747233B7-49FA-4D3D-8C02-42D20F5B01F4}.Debug|Any CPU.ActiveCfg = Debug|Any CPU
		{747233B7-49FA-4D3D-8C02-42D20F5B01F4}.Debug|Any CPU.Build.0 = Debug|Any CPU
		{747233B7-49FA-4D3D-8C02-42D20F5B01F4}.Release|Any CPU.ActiveCfg = Release|Any CPU
		{747233B7-49FA-4D3D-8C02-42D20F5B01F4}.Release|Any CPU.Build.0 = Release|Any CPU
	EndGlobalSection
	GlobalSection(SolutionProperties) = preSolution
		HideSolutionNode = FALSE
	EndGlobalSection
	GlobalSection(ExtensibilityGlobals) = postSolution
		SolutionGuid = {50B1640B-791E-45F8-891B-EE7BE8E81B03}
	EndGlobalSection
EndGlobal
