
Microsoft Visual Studio Solution File, Format Version 12.00
# Visual Studio Version 16
VisualStudioVersion = 16.0.29926.136
MinimumVisualStudioVersion = 10.0.40219.1
Project("{FAE04EC0-301F-11D3-BF4B-00C04F79EFBC}") = "Task_2", "Task_2\Task_2.csproj", "{0F6DACD3-B684-4EB5-A7BB-A14AB411FACB}"
EndProject
Global
	GlobalSection(SolutionConfigurationPlatforms) = preSolution
		Debug|Any CPU = Debug|Any CPU
		Release|Any CPU = Release|Any CPU
	EndGlobalSection
	GlobalSection(ProjectConfigurationPlatforms) = postSolution
		{0F6DACD3-B684-4EB5-A7BB-A14AB411FACB}.Debug|Any CPU.ActiveCfg = Debug|Any CPU
		{0F6DACD3-B684-4EB5-A7BB-A14AB411FACB}.Debug|Any CPU.Build.0 = Debug|Any CPU
		{0F6DACD3-B684-4EB5-A7BB-A14AB411FACB}.Release|Any CPU.ActiveCfg = Release|Any CPU
		{0F6DACD3-B684-4EB5-A7BB-A14AB411FACB}.Release|Any CPU.Build.0 = Release|Any CPU
	EndGlobalSection
	GlobalSection(SolutionProperties) = preSolution
		HideSolutionNode = FALSE
	EndGlobalSection
	GlobalSection(ExtensibilityGlobals) = postSolution
		SolutionGuid = {78C52BCA-B610-4405-BA18-6B75DF36DB32}
	EndGlobalSection
EndGlobal
