
Microsoft Visual Studio Solution File, Format Version 12.00
# Visual Studio Version 16
VisualStudioVersion = 16.0.29926.136
MinimumVisualStudioVersion = 10.0.40219.1
Project("{FAE04EC0-301F-11D3-BF4B-00C04F79EFBC}") = "Task_3", "Task_3\Task_3.csproj", "{87117E3C-96BD-4C15-ABA6-35E608B5F076}"
EndProject
Global
	GlobalSection(SolutionConfigurationPlatforms) = preSolution
		Debug|Any CPU = Debug|Any CPU
		Release|Any CPU = Release|Any CPU
	EndGlobalSection
	GlobalSection(ProjectConfigurationPlatforms) = postSolution
		{87117E3C-96BD-4C15-ABA6-35E608B5F076}.Debug|Any CPU.ActiveCfg = Debug|Any CPU
		{87117E3C-96BD-4C15-ABA6-35E608B5F076}.Debug|Any CPU.Build.0 = Debug|Any CPU
		{87117E3C-96BD-4C15-ABA6-35E608B5F076}.Release|Any CPU.ActiveCfg = Release|Any CPU
		{87117E3C-96BD-4C15-ABA6-35E608B5F076}.Release|Any CPU.Build.0 = Release|Any CPU
	EndGlobalSection
	GlobalSection(SolutionProperties) = preSolution
		HideSolutionNode = FALSE
	EndGlobalSection
	GlobalSection(ExtensibilityGlobals) = postSolution
		SolutionGuid = {DE5E1073-F8B4-45D8-BAC2-9DC6B8C62986}
	EndGlobalSection
EndGlobal
