
Microsoft Visual Studio Solution File, Format Version 12.00
# Visual Studio Version 16
VisualStudioVersion = 16.0.29926.136
MinimumVisualStudioVersion = 10.0.40219.1
Project("{FAE04EC0-301F-11D3-BF4B-00C04F79EFBC}") = "Task_1", "Task_1\Task_1.csproj", "{57F25F74-9A18-4BAB-9140-04933A2C7F6F}"
EndProject
Global
	GlobalSection(SolutionConfigurationPlatforms) = preSolution
		Debug|Any CPU = Debug|Any CPU
		Release|Any CPU = Release|Any CPU
	EndGlobalSection
	GlobalSection(ProjectConfigurationPlatforms) = postSolution
		{57F25F74-9A18-4BAB-9140-04933A2C7F6F}.Debug|Any CPU.ActiveCfg = Debug|Any CPU
		{57F25F74-9A18-4BAB-9140-04933A2C7F6F}.Debug|Any CPU.Build.0 = Debug|Any CPU
		{57F25F74-9A18-4BAB-9140-04933A2C7F6F}.Release|Any CPU.ActiveCfg = Release|Any CPU
		{57F25F74-9A18-4BAB-9140-04933A2C7F6F}.Release|Any CPU.Build.0 = Release|Any CPU
	EndGlobalSection
	GlobalSection(SolutionProperties) = preSolution
		HideSolutionNode = FALSE
	EndGlobalSection
	GlobalSection(ExtensibilityGlobals) = postSolution
		SolutionGuid = {0E74D6A8-62ED-4E69-8E44-DE0F99BE8B31}
	EndGlobalSection
EndGlobal
