
Microsoft Visual Studio Solution File, Format Version 12.00
# Visual Studio Version 16
VisualStudioVersion = 16.0.29926.136
MinimumVisualStudioVersion = 10.0.40219.1
Project("{FAE04EC0-301F-11D3-BF4B-00C04F79EFBC}") = "Task_3", "Task_3\Task_3.csproj", "{6742F5EA-2D13-4AEC-A561-C3071B5B02DF}"
EndProject
Global
	GlobalSection(SolutionConfigurationPlatforms) = preSolution
		Debug|Any CPU = Debug|Any CPU
		Release|Any CPU = Release|Any CPU
	EndGlobalSection
	GlobalSection(ProjectConfigurationPlatforms) = postSolution
		{6742F5EA-2D13-4AEC-A561-C3071B5B02DF}.Debug|Any CPU.ActiveCfg = Debug|Any CPU
		{6742F5EA-2D13-4AEC-A561-C3071B5B02DF}.Debug|Any CPU.Build.0 = Debug|Any CPU
		{6742F5EA-2D13-4AEC-A561-C3071B5B02DF}.Release|Any CPU.ActiveCfg = Release|Any CPU
		{6742F5EA-2D13-4AEC-A561-C3071B5B02DF}.Release|Any CPU.Build.0 = Release|Any CPU
	EndGlobalSection
	GlobalSection(SolutionProperties) = preSolution
		HideSolutionNode = FALSE
	EndGlobalSection
	GlobalSection(ExtensibilityGlobals) = postSolution
		SolutionGuid = {E0F19A2C-A479-40C9-AE93-7F927579F6E6}
	EndGlobalSection
EndGlobal
