
Microsoft Visual Studio Solution File, Format Version 12.00
# Visual Studio Version 16
VisualStudioVersion = 16.0.29926.136
MinimumVisualStudioVersion = 10.0.40219.1
Project("{FAE04EC0-301F-11D3-BF4B-00C04F79EFBC}") = "Task_1", "Task_1\Task_1.csproj", "{5735AB41-3B0F-41F1-A599-079778EAE501}"
EndProject
Global
	GlobalSection(SolutionConfigurationPlatforms) = preSolution
		Debug|Any CPU = Debug|Any CPU
		Release|Any CPU = Release|Any CPU
	EndGlobalSection
	GlobalSection(ProjectConfigurationPlatforms) = postSolution
		{5735AB41-3B0F-41F1-A599-079778EAE501}.Debug|Any CPU.ActiveCfg = Debug|Any CPU
		{5735AB41-3B0F-41F1-A599-079778EAE501}.Debug|Any CPU.Build.0 = Debug|Any CPU
		{5735AB41-3B0F-41F1-A599-079778EAE501}.Release|Any CPU.ActiveCfg = Release|Any CPU
		{5735AB41-3B0F-41F1-A599-079778EAE501}.Release|Any CPU.Build.0 = Release|Any CPU
	EndGlobalSection
	GlobalSection(SolutionProperties) = preSolution
		HideSolutionNode = FALSE
	EndGlobalSection
	GlobalSection(ExtensibilityGlobals) = postSolution
		SolutionGuid = {49CC09D9-7356-4B2E-AD7A-C9EB442552D3}
	EndGlobalSection
EndGlobal
