
Microsoft Visual Studio Solution File, Format Version 12.00
# Visual Studio Version 16
VisualStudioVersion = 16.0.29926.136
MinimumVisualStudioVersion = 10.0.40219.1
Project("{FAE04EC0-301F-11D3-BF4B-00C04F79EFBC}") = "Task_2", "Task_2\Task_2.csproj", "{B807A637-4246-4740-837F-FC155CB7CF5D}"
EndProject
Global
	GlobalSection(SolutionConfigurationPlatforms) = preSolution
		Debug|Any CPU = Debug|Any CPU
		Release|Any CPU = Release|Any CPU
	EndGlobalSection
	GlobalSection(ProjectConfigurationPlatforms) = postSolution
		{B807A637-4246-4740-837F-FC155CB7CF5D}.Debug|Any CPU.ActiveCfg = Debug|Any CPU
		{B807A637-4246-4740-837F-FC155CB7CF5D}.Debug|Any CPU.Build.0 = Debug|Any CPU
		{B807A637-4246-4740-837F-FC155CB7CF5D}.Release|Any CPU.ActiveCfg = Release|Any CPU
		{B807A637-4246-4740-837F-FC155CB7CF5D}.Release|Any CPU.Build.0 = Release|Any CPU
	EndGlobalSection
	GlobalSection(SolutionProperties) = preSolution
		HideSolutionNode = FALSE
	EndGlobalSection
	GlobalSection(ExtensibilityGlobals) = postSolution
		SolutionGuid = {0FAAE49C-74CE-4980-A523-B0E1F8A2E6C5}
	EndGlobalSection
EndGlobal
