
Microsoft Visual Studio Solution File, Format Version 12.00
# Visual Studio Version 16
VisualStudioVersion = 16.0.29926.136
MinimumVisualStudioVersion = 10.0.40219.1
Project("{FAE04EC0-301F-11D3-BF4B-00C04F79EFBC}") = "Task_2", "Task_2\Task_2.csproj", "{BFC2F161-E08F-44BB-B827-84B7EFE36DF9}"
EndProject
Global
	GlobalSection(SolutionConfigurationPlatforms) = preSolution
		Debug|Any CPU = Debug|Any CPU
		Release|Any CPU = Release|Any CPU
	EndGlobalSection
	GlobalSection(ProjectConfigurationPlatforms) = postSolution
		{BFC2F161-E08F-44BB-B827-84B7EFE36DF9}.Debug|Any CPU.ActiveCfg = Debug|Any CPU
		{BFC2F161-E08F-44BB-B827-84B7EFE36DF9}.Debug|Any CPU.Build.0 = Debug|Any CPU
		{BFC2F161-E08F-44BB-B827-84B7EFE36DF9}.Release|Any CPU.ActiveCfg = Release|Any CPU
		{BFC2F161-E08F-44BB-B827-84B7EFE36DF9}.Release|Any CPU.Build.0 = Release|Any CPU
	EndGlobalSection
	GlobalSection(SolutionProperties) = preSolution
		HideSolutionNode = FALSE
	EndGlobalSection
	GlobalSection(ExtensibilityGlobals) = postSolution
		SolutionGuid = {BFD8900F-F052-4946-9D6C-8F83B85E9489}
	EndGlobalSection
EndGlobal
